// !$*UTF8*$!
{
	archiveVersion = 1;
	classes = {
	};
	objectVersion = 55;
	objects = {

/* Begin PBXBuildFile section */
		B518A75D2885B5CB00E6E741 /* MyGesture.swift in Sources */ = {isa = PBXBuildFile; fileRef = B518A75C2885B5CB00E6E741 /* MyGesture.swift */; };
		B518A75F28866F4200E6E741 /* StartViewController.swift in Sources */ = {isa = PBXBuildFile; fileRef = B518A75E28866F4200E6E741 /* StartViewController.swift */; };
		B599816A2882C47000183465 /* AppDelegate.swift in Sources */ = {isa = PBXBuildFile; fileRef = B59981692882C47000183465 /* AppDelegate.swift */; };
		B599816C2882C47000183465 /* SceneDelegate.swift in Sources */ = {isa = PBXBuildFile; fileRef = B599816B2882C47000183465 /* SceneDelegate.swift */; };
		B599816E2882C47000183465 /* ViewController.swift in Sources */ = {isa = PBXBuildFile; fileRef = B599816D2882C47000183465 /* ViewController.swift */; };
		B59981712882C47000183465 /* Main.storyboard in Resources */ = {isa = PBXBuildFile; fileRef = B599816F2882C47000183465 /* Main.storyboard */; };
		B59981732882C47100183465 /* Assets.xcassets in Resources */ = {isa = PBXBuildFile; fileRef = B59981722882C47100183465 /* Assets.xcassets */; };
		B59981762882C47100183465 /* LaunchScreen.storyboard in Resources */ = {isa = PBXBuildFile; fileRef = B59981742882C47100183465 /* LaunchScreen.storyboard */; };
		B5AD8B5D2882D9D700175190 /* CustomBall.xib in Resources */ = {isa = PBXBuildFile; fileRef = B5AD8B5C2882D9D700175190 /* CustomBall.xib */; };
		B5AD8B5F2882DA2B00175190 /* CustomBall.swift in Sources */ = {isa = PBXBuildFile; fileRef = B5AD8B5E2882DA2B00175190 /* CustomBall.swift */; };
/* End PBXBuildFile section */

/* Begin PBXFileReference section */
		B518A75C2885B5CB00E6E741 /* MyGesture.swift */ = {isa = PBXFileReference; lastKnownFileType = sourcecode.swift; path = MyGesture.swift; sourceTree = "<group>"; };
		B518A75E28866F4200E6E741 /* StartViewController.swift */ = {isa = PBXFileReference; lastKnownFileType = sourcecode.swift; path = StartViewController.swift; sourceTree = "<group>"; };
		B59981662882C47000183465 /* sf_homework_module_21_balls.app */ = {isa = PBXFileReference; explicitFileType = wrapper.application; includeInIndex = 0; path = sf_homework_module_21_balls.app; sourceTree = BUILT_PRODUCTS_DIR; };
		B59981692882C47000183465 /* AppDelegate.swift */ = {isa = PBXFileReference; lastKnownFileType = sourcecode.swift; path = AppDelegate.swift; sourceTree = "<group>"; };
		B599816B2882C47000183465 /* SceneDelegate.swift */ = {isa = PBXFileReference; lastKnownFileType = sourcecode.swift; path = SceneDelegate.swift; sourceTree = "<group>"; };
		B599816D2882C47000183465 /* ViewController.swift */ = {isa = PBXFileReference; lastKnownFileType = sourcecode.swift; path = ViewController.swift; sourceTree = "<group>"; };
		B59981702882C47000183465 /* Base */ = {isa = PBXFileReference; lastKnownFileType = file.storyboard; name = Base; path = Base.lproj/Main.storyboard; sourceTree = "<group>"; };
		B59981722882C47100183465 /* Assets.xcassets */ = {isa = PBXFileReference; lastKnownFileType = folder.assetcatalog; path = Assets.xcassets; sourceTree = "<group>"; };
		B59981752882C47100183465 /* Base */ = {isa = PBXFileReference; lastKnownFileType = file.storyboard; name = Base; path = Base.lproj/LaunchScreen.storyboard; sourceTree = "<group>"; };
		B59981772882C47100183465 /* Info.plist */ = {isa = PBXFileReference; lastKnownFileType = text.plist.xml; path = Info.plist; sourceTree = "<group>"; };
		B5AD8B5C2882D9D700175190 /* CustomBall.xib */ = {isa = PBXFileReference; lastKnownFileType = file.xib; path = CustomBall.xib; sourceTree = "<group>"; };
		B5AD8B5E2882DA2B00175190 /* CustomBall.swift */ = {isa = PBXFileReference; lastKnownFileType = sourcecode.swift; path = CustomBall.swift; sourceTree = "<group>"; };
/* End PBXFileReference section */

/* Begin PBXFrameworksBuildPhase section */
		B59981632882C47000183465 /* Frameworks */ = {
			isa = PBXFrameworksBuildPhase;
			buildActionMask = 2147483647;
			files = (
			);
			runOnlyForDeploymentPostprocessing = 0;
		};
/* End PBXFrameworksBuildPhase section */

/* Begin PBXGroup section */
		B599815D2882C47000183465 = {
			isa = PBXGroup;
			children = (
				B59981682882C47000183465 /* sf_homework_module_21_balls */,
				B59981672882C47000183465 /* Products */,
			);
			sourceTree = "<group>";
		};
		B59981672882C47000183465 /* Products */ = {
			isa = PBXGroup;
			children = (
				B59981662882C47000183465 /* sf_homework_module_21_balls.app */,
			);
			name = Products;
			sourceTree = "<group>";
		};
		B59981682882C47000183465 /* sf_homework_module_21_balls */ = {
			isa = PBXGroup;
			children = (
				B59981692882C47000183465 /* AppDelegate.swift */,
				B599816B2882C47000183465 /* SceneDelegate.swift */,
				B599816D2882C47000183465 /* ViewController.swift */,
				B518A75C2885B5CB00E6E741 /* MyGesture.swift */,
				B599816F2882C47000183465 /* Main.storyboard */,
				B518A75E28866F4200E6E741 /* StartViewController.swift */,
				B5AD8B5C2882D9D700175190 /* CustomBall.xib */,
				B5AD8B5E2882DA2B00175190 /* CustomBall.swift */,
				B59981722882C47100183465 /* Assets.xcassets */,
				B59981742882C47100183465 /* LaunchScreen.storyboard */,
				B59981772882C47100183465 /* Info.plist */,
			);
			path = sf_homework_module_21_balls;
			sourceTree = "<group>";
		};
/* End PBXGroup section */

/* Begin PBXNativeTarget section */
		B59981652882C47000183465 /* sf_homework_module_21_balls */ = {
			isa = PBXNativeTarget;
			buildConfigurationList = B599817A2882C47100183465 /* Build configuration list for PBXNativeTarget "sf_homework_module_21_balls" */;
			buildPhases = (
				B59981622882C47000183465 /* Sources */,
				B59981632882C47000183465 /* Frameworks */,
				B59981642882C47000183465 /* Resources */,
			);
			buildRules = (
			);
			dependencies = (
			);
			name = sf_homework_module_21_balls;
			productName = sf_homework_module_21_balls;
			productReference = B59981662882C47000183465 /* sf_homework_module_21_balls.app */;
			productType = "com.apple.product-type.application";
		};
/* End PBXNativeTarget section */

/* Begin PBXProject section */
		B599815E2882C47000183465 /* Project object */ = {
			isa = PBXProject;
			attributes = {
				BuildIndependentTargetsInParallel = 1;
				LastSwiftUpdateCheck = 1330;
				LastUpgradeCheck = 1330;
				TargetAttributes = {
					B59981652882C47000183465 = {
						CreatedOnToolsVersion = 13.3;
					};
				};
			};
			buildConfigurationList = B59981612882C47000183465 /* Build configuration list for PBXProject "sf_homework_module_21_balls" */;
			compatibilityVersion = "Xcode 13.0";
			developmentRegion = en;
			hasScannedForEncodings = 0;
			knownRegions = (
				en,
				Base,
			);
			mainGroup = B599815D2882C47000183465;
			productRefGroup = B59981672882C47000183465 /* Products */;
			projectDirPath = "";
			projectRoot = "";
			targets = (
				B59981652882C47000183465 /* sf_homework_module_21_balls */,
			);
		};
/* End PBXProject section */

/* Begin PBXResourcesBuildPhase section */
		B59981642882C47000183465 /* Resources */ = {
			isa = PBXResourcesBuildPhase;
			buildActionMask = 2147483647;
			files = (
				B59981762882C47100183465 /* LaunchScreen.storyboard in Resources */,
				B5AD8B5D2882D9D700175190 /* CustomBall.xib in Resources */,
				B59981732882C47100183465 /* Assets.xcassets in Resources */,
				B59981712882C47000183465 /* Main.storyboard in Resources */,
			);
			runOnlyForDeploymentPostprocessing = 0;
		};
/* End PBXResourcesBuildPhase section */

/* Begin PBXSourcesBuildPhase section */
		B59981622882C47000183465 /* Sources */ = {
			isa = PBXSourcesBuildPhase;
			buildActionMask = 2147483647;
			files = (
				B599816E2882C47000183465 /* ViewController.swift in Sources */,
				B5AD8B5F2882DA2B00175190 /* CustomBall.swift in Sources */,
				B518A75D2885B5CB00E6E741 /* MyGesture.swift in Sources */,
				B599816A2882C47000183465 /* AppDelegate.swift in Sources */,
				B599816C2882C47000183465 /* SceneDelegate.swift in Sources */,
				B518A75F28866F4200E6E741 /* StartViewController.swift in Sources */,
			);
			runOnlyForDeploymentPostprocessing = 0;
		};
/* End PBXSourcesBuildPhase section */

/* Begin PBXVariantGroup section */
		B599816F2882C47000183465 /* Main.storyboard */ = {
			isa = PBXVariantGroup;
			children = (
				B59981702882C47000183465 /* Base */,
			);
			name = Main.storyboard;
			sourceTree = "<group>";
		};
		B59981742882C47100183465 /* LaunchScreen.storyboard */ = {
			isa = PBXVariantGroup;
			children = (
				B59981752882C47100183465 /* Base */,
			);
			name = LaunchScreen.storyboard;
			sourceTree = "<group>";
		};
/* End PBXVariantGroup section */

/* Begin XCBuildConfiguration section */
		B59981782882C47100183465 /* Debug */ = {
			isa = XCBuildConfiguration;
			buildSettings = {
				ALWAYS_SEARCH_USER_PATHS = NO;
				CLANG_ANALYZER_NONNULL = YES;
				CLANG_ANALYZER_NUMBER_OBJECT_CONVERSION = YES_AGGRESSIVE;
				CLANG_CXX_LANGUAGE_STANDARD = "gnu++17";
				CLANG_ENABLE_MODULES = YES;
				CLANG_ENABLE_OBJC_ARC = YES;
				CLANG_ENABLE_OBJC_WEAK = YES;
				CLANG_WARN_BLOCK_CAPTURE_AUTORELEASING = YES;
				CLANG_WARN_BOOL_CONVERSION = YES;
				CLANG_WARN_COMMA = YES;
				CLANG_WARN_CONSTANT_CONVERSION = YES;
				CLANG_WARN_DEPRECATED_OBJC_IMPLEMENTATIONS = YES;
				CLANG_WARN_DIRECT_OBJC_ISA_USAGE = YES_ERROR;
				CLANG_WARN_DOCUMENTATION_COMMENTS = YES;
				CLANG_WARN_EMPTY_BODY = YES;
				CLANG_WARN_ENUM_CONVERSION = YES;
				CLANG_WARN_INFINITE_RECURSION = YES;
				CLANG_WARN_INT_CONVERSION = YES;
				CLANG_WARN_NON_LITERAL_NULL_CONVERSION = YES;
				CLANG_WARN_OBJC_IMPLICIT_RETAIN_SELF = YES;
				CLANG_WARN_OBJC_LITERAL_CONVERSION = YES;
				CLANG_WARN_OBJC_ROOT_CLASS = YES_ERROR;
				CLANG_WARN_QUOTED_INCLUDE_IN_FRAMEWORK_HEADER = YES;
				CLANG_WARN_RANGE_LOOP_ANALYSIS = YES;
				CLANG_WARN_STRICT_PROTOTYPES = YES;
				CLANG_WARN_SUSPICIOUS_MOVE = YES;
				CLANG_WARN_UNGUARDED_AVAILABILITY = YES_AGGRESSIVE;
				CLANG_WARN_UNREACHABLE_CODE = YES;
				CLANG_WARN__DUPLICATE_METHOD_MATCH = YES;
				COPY_PHASE_STRIP = NO;
				DEBUG_INFORMATION_FORMAT = dwarf;
				ENABLE_STRICT_OBJC_MSGSEND = YES;
				ENABLE_TESTABILITY = YES;
				GCC_C_LANGUAGE_STANDARD = gnu11;
				GCC_DYNAMIC_NO_PIC = NO;
				GCC_NO_COMMON_BLOCKS = YES;
				GCC_OPTIMIZATION_LEVEL = 0;
				GCC_PREPROCESSOR_DEFINITIONS = (
					"DEBUG=1",
					"$(inherited)",
				);
				GCC_WARN_64_TO_32_BIT_CONVERSION = YES;
				GCC_WARN_ABOUT_RETURN_TYPE = YES_ERROR;
				GCC_WARN_UNDECLARED_SELECTOR = YES;
				GCC_WARN_UNINITIALIZED_AUTOS = YES_AGGRESSIVE;
				GCC_WARN_UNUSED_FUNCTION = YES;
				GCC_WARN_UNUSED_VARIABLE = YES;
				IPHONEOS_DEPLOYMENT_TARGET = 15.4;
				MTL_ENABLE_DEBUG_INFO = INCLUDE_SOURCE;
				MTL_FAST_MATH = YES;
				ONLY_ACTIVE_ARCH = YES;
				SDKROOT = iphoneos;
				SWIFT_ACTIVE_COMPILATION_CONDITIONS = DEBUG;
				SWIFT_OPTIMIZATION_LEVEL = "-Onone";
			};
			name = Debug;
		};
		B59981792882C47100183465 /* Release */ = {
			isa = XCBuildConfiguration;
			buildSettings = {
				ALWAYS_SEARCH_USER_PATHS = NO;
				CLANG_ANALYZER_NONNULL = YES;
				CLANG_ANALYZER_NUMBER_OBJECT_CONVERSION = YES_AGGRESSIVE;
				CLANG_CXX_LANGUAGE_STANDARD = "gnu++17";
				CLANG_ENABLE_MODULES = YES;
				CLANG_ENABLE_OBJC_ARC = YES;
				CLANG_ENABLE_OBJC_WEAK = YES;
				CLANG_WARN_BLOCK_CAPTURE_AUTORELEASING = YES;
				CLANG_WARN_BOOL_CONVERSION = YES;
				CLANG_WARN_COMMA = YES;
				CLANG_WARN_CONSTANT_CONVERSION = YES;
				CLANG_WARN_DEPRECATED_OBJC_IMPLEMENTATIONS = YES;
				CLANG_WARN_DIRECT_OBJC_ISA_USAGE = YES_ERROR;
				CLANG_WARN_DOCUMENTATION_COMMENTS = YES;
				CLANG_WARN_EMPTY_BODY = YES;
				CLANG_WARN_ENUM_CONVERSION = YES;
				CLANG_WARN_INFINITE_RECURSION = YES;
				CLANG_WARN_INT_CONVERSION = YES;
				CLANG_WARN_NON_LITERAL_NULL_CONVERSION = YES;
				CLANG_WARN_OBJC_IMPLICIT_RETAIN_SELF = YES;
				CLANG_WARN_OBJC_LITERAL_CONVERSION = YES;
				CLANG_WARN_OBJC_ROOT_CLASS = YES_ERROR;
				CLANG_WARN_QUOTED_INCLUDE_IN_FRAMEWORK_HEADER = YES;
				CLANG_WARN_RANGE_LOOP_ANALYSIS = YES;
				CLANG_WARN_STRICT_PROTOTYPES = YES;
				CLANG_WARN_SUSPICIOUS_MOVE = YES;
				CLANG_WARN_UNGUARDED_AVAILABILITY = YES_AGGRESSIVE;
				CLANG_WARN_UNREACHABLE_CODE = YES;
				CLANG_WARN__DUPLICATE_METHOD_MATCH = YES;
				COPY_PHASE_STRIP = NO;
				DEBUG_INFORMATION_FORMAT = "dwarf-with-dsym";
				ENABLE_NS_ASSERTIONS = NO;
				ENABLE_STRICT_OBJC_MSGSEND = YES;
				GCC_C_LANGUAGE_STANDARD = gnu11;
				GCC_NO_COMMON_BLOCKS = YES;
				GCC_WARN_64_TO_32_BIT_CONVERSION = YES;
				GCC_WARN_ABOUT_RETURN_TYPE = YES_ERROR;
				GCC_WARN_UNDECLARED_SELECTOR = YES;
				GCC_WARN_UNINITIALIZED_AUTOS = YES_AGGRESSIVE;
				GCC_WARN_UNUSED_FUNCTION = YES;
				GCC_WARN_UNUSED_VARIABLE = YES;
				IPHONEOS_DEPLOYMENT_TARGET = 15.4;
				MTL_ENABLE_DEBUG_INFO = NO;
				MTL_FAST_MATH = YES;
				SDKROOT = iphoneos;
				SWIFT_COMPILATION_MODE = wholemodule;
				SWIFT_OPTIMIZATION_LEVEL = "-O";
				VALIDATE_PRODUCT = YES;
			};
			name = Release;
		};
		B599817B2882C47100183465 /* Debug */ = {
			isa = XCBuildConfiguration;
			buildSettings = {
				ASSETCATALOG_COMPILER_APPICON_NAME = AppIcon;
				ASSETCATALOG_COMPILER_GLOBAL_ACCENT_COLOR_NAME = AccentColor;
				CODE_SIGN_STYLE = Automatic;
				CURRENT_PROJECT_VERSION = 1;
				DEVELOPMENT_TEAM = FN66JN9TVU;
				GENERATE_INFOPLIST_FILE = YES;
				INFOPLIST_FILE = sf_homework_module_21_balls/Info.plist;
				INFOPLIST_KEY_UIApplicationSupportsIndirectInputEvents = YES;
				INFOPLIST_KEY_UILaunchStoryboardName = LaunchScreen;
				INFOPLIST_KEY_UIMainStoryboardFile = Main;
				INFOPLIST_KEY_UISupportedInterfaceOrientations = UIInterfaceOrientationPortrait;
				INFOPLIST_KEY_UISupportedInterfaceOrientations_iPad = "UIInterfaceOrientationPortrait UIInterfaceOrientationPortraitUpsideDown UIInterfaceOrientationLandscapeLeft UIInterfaceOrientationLandscapeRight";
				INFOPLIST_KEY_UISupportedInterfaceOrientations_iPhone = "UIInterfaceOrientationPortrait UIInterfaceOrientationLandscapeLeft UIInterfaceOrientationLandscapeRight";
				LD_RUNPATH_SEARCH_PATHS = (
					"$(inherited)",
					"@executable_path/Frameworks",
				);
				MARKETING_VERSION = 1.0;
				PRODUCT_BUNDLE_IDENTIFIER = "uz.IsmailovRuslan.sf-homework-module-21-balls";
				PRODUCT_NAME = "$(TARGET_NAME)";
				SWIFT_EMIT_LOC_STRINGS = YES;
				SWIFT_VERSION = 5.0;
				TARGETED_DEVICE_FAMILY = 1;
			};
			name = Debug;
		};
		B599817C2882C47100183465 /* Release */ = {
			isa = XCBuildConfiguration;
			buildSettings = {
				ASSETCATALOG_COMPILER_APPICON_NAME = AppIcon;
				ASSETCATALOG_COMPILER_GLOBAL_ACCENT_COLOR_NAME = AccentColor;
				CODE_SIGN_STYLE = Automatic;
				CURRENT_PROJECT_VERSION = 1;
				DEVELOPMENT_TEAM = FN66JN9TVU;
				GENERATE_INFOPLIST_FILE = YES;
				INFOPLIST_FILE = sf_homework_module_21_balls/Info.plist;
				INFOPLIST_KEY_UIApplicationSupportsIndirectInputEvents = YES;
				INFOPLIST_KEY_UILaunchStoryboardName = LaunchScreen;
				INFOPLIST_KEY_UIMainStoryboardFile = Main;
				INFOPLIST_KEY_UISupportedInterfaceOrientations = UIInterfaceOrientationPortrait;
				INFOPLIST_KEY_UISupportedInterfaceOrientations_iPad = "UIInterfaceOrientationPortrait UIInterfaceOrientationPortraitUpsideDown UIInterfaceOrientationLandscapeLeft UIInterfaceOrientationLandscapeRight";
				INFOPLIST_KEY_UISupportedInterfaceOrientations_iPhone = "UIInterfaceOrientationPortrait UIInterfaceOrientationLandscapeLeft UIInterfaceOrientationLandscapeRight";
				LD_RUNPATH_SEARCH_PATHS = (
					"$(inherited)",
					"@executable_path/Frameworks",
				);
				MARKETING_VERSION = 1.0;
				PRODUCT_BUNDLE_IDENTIFIER = "uz.IsmailovRuslan.sf-homework-module-21-balls";
				PRODUCT_NAME = "$(TARGET_NAME)";
				SWIFT_EMIT_LOC_STRINGS = YES;
				SWIFT_VERSION = 5.0;
				TARGETED_DEVICE_FAMILY = 1;
			};
			name = Release;
		};
/* End XCBuildConfiguration section */

/* Begin XCConfigurationList section */
		B59981612882C47000183465 /* Build configuration list for PBXProject "sf_homework_module_21_balls" */ = {
			isa = XCConfigurationList;
			buildConfigurations = (
				B59981782882C47100183465 /* Debug */,
				B59981792882C47100183465 /* Release */,
			);
			defaultConfigurationIsVisible = 0;
			defaultConfigurationName = Release;
		};
		B599817A2882C47100183465 /* Build configuration list for PBXNativeTarget "sf_homework_module_21_balls" */ = {
			isa = XCConfigurationList;
			buildConfigurations = (
				B599817B2882C47100183465 /* Debug */,
				B599817C2882C47100183465 /* Release */,
			);
			defaultConfigurationIsVisible = 0;
			defaultConfigurationName = Release;
		};
/* End XCConfigurationList section */
	};
	rootObject = B599815E2882C47000183465 /* Project object */;
}
